
Microsoft Visual Studio Solution File, Format Version 12.00
# Visual Studio 15
VisualStudioVersion = 15.0.27428.2043
MinimumVisualStudioVersion = 10.0.40219.1
Project("{8BC9CEB8-8B4A-11D0-8D11-00A0C91BC942}") = "Rubik", "Rubik\Rubik.vcxproj", "{B195F734-84CD-403D-8FF5-63EB46F0F1AE}"
EndProject
Global
	GlobalSection(SolutionConfigurationPlatforms) = preSolution
		Debug|x64 = Debug|x64
		Debug|x86 = Debug|x86
		Release|x64 = Release|x64
		Release|x86 = Release|x86
	EndGlobalSection
	GlobalSection(ProjectConfigurationPlatforms) = postSolution
		{B195F734-84CD-403D-8FF5-63EB46F0F1AE}.Debug|x64.ActiveCfg = Debug|x64
		{B195F734-84CD-403D-8FF5-63EB46F0F1AE}.Debug|x64.Build.0 = Debug|x64
		{B195F734-84CD-403D-8FF5-63EB46F0F1AE}.Debug|x86.ActiveCfg = Debug|Win32
		{B195F734-84CD-403D-8FF5-63EB46F0F1AE}.Debug|x86.Build.0 = Debug|Win32
		{B195F734-84CD-403D-8FF5-63EB46F0F1AE}.Release|x64.ActiveCfg = Release|x64
		{B195F734-84CD-403D-8FF5-63EB46F0F1AE}.Release|x64.Build.0 = Release|x64
		{B195F734-84CD-403D-8FF5-63EB46F0F1AE}.Release|x86.ActiveCfg = Release|Win32
		{B195F734-84CD-403D-8FF5-63EB46F0F1AE}.Release|x86.Build.0 = Release|Win32
	EndGlobalSection
	GlobalSection(SolutionProperties) = preSolution
		HideSolutionNode = FALSE
	EndGlobalSection
	GlobalSection(ExtensibilityGlobals) = postSolution
		SolutionGuid = {C5BC86BA-D155-4C64-AED5-DE0590173E33}
	EndGlobalSection
EndGlobal
